
Microsoft Visual Studio Solution File, Format Version 12.00
# Visual Studio 15
VisualStudioVersion = 15.0.26430.12
MinimumVisualStudioVersion = 10.0.40219.1
Project("{F184B08F-C81C-45F6-A57F-5ABD9991F28F}") = "SafeLogin", "SafeLogin\SafeLogin.vbproj", "{2D8F406A-6E38-4767-8380-17F37A8868BB}"
EndProject
Project("{F184B08F-C81C-45F6-A57F-5ABD9991F28F}") = "Main", "Main\Main.vbproj", "{BBFC8702-BCC1-4B19-A293-2C4F76E7A066}"
EndProject
Project("{F184B08F-C81C-45F6-A57F-5ABD9991F28F}") = "DataAccess", "DataAccess\DataAccess.vbproj", "{CB69A409-61D3-4416-AD77-90164C35C251}"
EndProject
Global
	GlobalSection(SolutionConfigurationPlatforms) = preSolution
		Debug|Any CPU = Debug|Any CPU
		Release|Any CPU = Release|Any CPU
	EndGlobalSection
	GlobalSection(ProjectConfigurationPlatforms) = postSolution
		{2D8F406A-6E38-4767-8380-17F37A8868BB}.Debug|Any CPU.ActiveCfg = Debug|Any CPU
		{2D8F406A-6E38-4767-8380-17F37A8868BB}.Debug|Any CPU.Build.0 = Debug|Any CPU
		{2D8F406A-6E38-4767-8380-17F37A8868BB}.Release|Any CPU.ActiveCfg = Release|Any CPU
		{2D8F406A-6E38-4767-8380-17F37A8868BB}.Release|Any CPU.Build.0 = Release|Any CPU
		{BBFC8702-BCC1-4B19-A293-2C4F76E7A066}.Debug|Any CPU.ActiveCfg = Debug|Any CPU
		{BBFC8702-BCC1-4B19-A293-2C4F76E7A066}.Debug|Any CPU.Build.0 = Debug|Any CPU
		{BBFC8702-BCC1-4B19-A293-2C4F76E7A066}.Release|Any CPU.ActiveCfg = Release|Any CPU
		{BBFC8702-BCC1-4B19-A293-2C4F76E7A066}.Release|Any CPU.Build.0 = Release|Any CPU
		{CB69A409-61D3-4416-AD77-90164C35C251}.Debug|Any CPU.ActiveCfg = Debug|Any CPU
		{CB69A409-61D3-4416-AD77-90164C35C251}.Debug|Any CPU.Build.0 = Debug|Any CPU
		{CB69A409-61D3-4416-AD77-90164C35C251}.Release|Any CPU.ActiveCfg = Release|Any CPU
		{CB69A409-61D3-4416-AD77-90164C35C251}.Release|Any CPU.Build.0 = Release|Any CPU
	EndGlobalSection
	GlobalSection(SolutionProperties) = preSolution
		HideSolutionNode = FALSE
	EndGlobalSection
EndGlobal
